
Microsoft Visual Studio Solution File, Format Version 12.00
# Visual Studio Version 16
VisualStudioVersion = 16.0.32802.440
MinimumVisualStudioVersion = 10.0.40219.1
Project("{FAE04EC0-301F-11D3-BF4B-00C04F79EFBC}") = "class 1 day 9", "class 1 day 9\class 1 day 9.csproj", "{CAF4EF31-0A8A-492D-AA66-0500CE848059}"
EndProject
Global
	GlobalSection(SolutionConfigurationPlatforms) = preSolution
		Debug|Any CPU = Debug|Any CPU
		Release|Any CPU = Release|Any CPU
	EndGlobalSection
	GlobalSection(ProjectConfigurationPlatforms) = postSolution
		{CAF4EF31-0A8A-492D-AA66-0500CE848059}.Debug|Any CPU.ActiveCfg = Debug|Any CPU
		{CAF4EF31-0A8A-492D-AA66-0500CE848059}.Debug|Any CPU.Build.0 = Debug|Any CPU
		{CAF4EF31-0A8A-492D-AA66-0500CE848059}.Release|Any CPU.ActiveCfg = Release|Any CPU
		{CAF4EF31-0A8A-492D-AA66-0500CE848059}.Release|Any CPU.Build.0 = Release|Any CPU
	EndGlobalSection
	GlobalSection(SolutionProperties) = preSolution
		HideSolutionNode = FALSE
	EndGlobalSection
	GlobalSection(ExtensibilityGlobals) = postSolution
		SolutionGuid = {223E0CEF-9269-4F44-89E6-459C75F7076A}
	EndGlobalSection
EndGlobal
