
Microsoft Visual Studio Solution File, Format Version 12.00
# Visual Studio Version 16
VisualStudioVersion = 16.0.32802.440
MinimumVisualStudioVersion = 10.0.40219.1
Project("{FAE04EC0-301F-11D3-BF4B-00C04F79EFBC}") = "LINQ1.0", "LINQ1.0\LINQ1.0.csproj", "{5C039AF9-D3B5-4404-8319-85C7BAEE22B2}"
EndProject
Global
	GlobalSection(SolutionConfigurationPlatforms) = preSolution
		Debug|Any CPU = Debug|Any CPU
		Release|Any CPU = Release|Any CPU
	EndGlobalSection
	GlobalSection(ProjectConfigurationPlatforms) = postSolution
		{5C039AF9-D3B5-4404-8319-85C7BAEE22B2}.Debug|Any CPU.ActiveCfg = Debug|Any CPU
		{5C039AF9-D3B5-4404-8319-85C7BAEE22B2}.Debug|Any CPU.Build.0 = Debug|Any CPU
		{5C039AF9-D3B5-4404-8319-85C7BAEE22B2}.Release|Any CPU.ActiveCfg = Release|Any CPU
		{5C039AF9-D3B5-4404-8319-85C7BAEE22B2}.Release|Any CPU.Build.0 = Release|Any CPU
	EndGlobalSection
	GlobalSection(SolutionProperties) = preSolution
		HideSolutionNode = FALSE
	EndGlobalSection
	GlobalSection(ExtensibilityGlobals) = postSolution
		SolutionGuid = {1FE6E22F-F75F-4629-98D2-15EC5D4033F8}
	EndGlobalSection
EndGlobal
